{
  "name": "gh-notify-post-index",
  "lockfileVersion": 2,
  "requires": true,
  "packages": {
    "": {
      "name": "gh-notify-post-index",
      "dependencies": {
        "@architect/data": "^3.0.5",
        "@architect/functions": "^3.2.2",
        "@slack/webhook": "^5.0.0"
      }
    },
    "node_modules/@architect/data": {
      "version": "3.0.5",
      "resolved": "https://registry.npmjs.org/@architect/data/-/data-3.0.5.tgz",
      "integrity": "sha512-FNIf9PAEOCaVnuSM9LW/ubz8rBJaSj15hNFtnrAzBAN0Em20wYDL6jZSKwoiGL8YdiDkndXGPyrolN7UR7DE0w==",
      "dependencies": {
        "@architect/parser": "^1.1.7"
      }
    },
    "node_modules/@architect/functions": {
      "version": "3.2.2",
      "resolved": "https://registry.npmjs.org/@architect/functions/-/functions-3.2.2.tgz",
      "integrity": "sha512-J3sGMlx67iqS2YTmuDWEiej7fj67hty3OVkbGEwP37tQnd4xmhtpCdBPnPr36B3y0GKhRt68guftyDHeorHJlQ==",
      "dependencies": {
        "@architect/parser": "^1.1.7",
        "cookie": "^0.3.1",
        "cookie-signature": "^1.1.0",
        "csrf": "^3.1.0",
        "mime-types": "^2.1.24",
        "node-webtokens": "^1.0.0",
        "run-parallel": "^1.1.9",
        "run-waterfall": "^1.1.6",
        "uid-safe": "^2.1.5"
      }
    },
    "node_modules/@architect/parser": {
      "version": "1.1.7",
      "resolved": "https://registry.npmjs.org/@architect/parser/-/parser-1.1.7.tgz",
      "integrity": "sha512-fKyd7apWktnS580bOa75bWtx+RVxuhLNYjcaDrRRpuASTT4F+Gg4dZly8eGGehPHAQ3j3/0pLwnChiC2+fHozg=="
    },
    "node_modules/@slack/types": {
      "version": "1.10.0",
      "resolved": "https://registry.npmjs.org/@slack/types/-/types-1.10.0.tgz",
      "integrity": "sha512-tA7GG7Tj479vojfV3AoxbckalA48aK6giGjNtgH6ihpLwTyHE3fIgRrvt8TWfLwW8X8dyu7vgmAsGLRG7hWWOg==",
      "engines": {
        "node": ">= 8.9.0",
        "npm": ">= 5.5.1"
      }
    },
    "node_modules/@slack/webhook": {
      "version": "5.0.4",
      "resolved": "https://registry.npmjs.org/@slack/webhook/-/webhook-5.0.4.tgz",
      "integrity": "sha512-IC1dpVSc2F/pmwCxOb0QzH2xnGKmyT7MofPGhNkeaoiMrLMU+Oc7xV/AxGnz40mURtCtaDchZSM3tDo9c9x6BA==",
      "dependencies": {
        "@slack/types": "^1.2.1",
        "@types/node": ">=8.9.0",
        "axios": "^0.21.1"
      },
      "engines": {
        "node": ">= 8.9.0",
        "npm": ">= 5.5.1"
      }
    },
    "node_modules/@types/node": {
      "version": "12.6.2",
      "resolved": "https://registry.npmjs.org/@types/node/-/node-12.6.2.tgz",
      "integrity": "sha512-gojym4tX0FWeV2gsW4Xmzo5wxGjXGm550oVUII7f7G5o4BV6c7DBdiG1RRQd+y1bvqRyYtPfMK85UM95vsapqQ=="
    },
    "node_modules/axios": {
      "version": "0.21.4",
      "resolved": "https://registry.npmjs.org/axios/-/axios-0.21.4.tgz",
      "integrity": "sha512-ut5vewkiu8jjGBdqpM44XxjuCjq9LAKeHVmoVfHVzy8eHgxxq8SbAVQNovDA8mVi05kP0Ea/n/UzcSHcTJQfNg==",
      "dependencies": {
        "follow-redirects": "^1.14.0"
      }
    },
    "node_modules/cookie": {
      "version": "0.3.1",
      "resolved": "https://registry.npmjs.org/cookie/-/cookie-0.3.1.tgz",
      "integrity": "sha1-5+Ch+e9DtMi6klxcWpboBtFoc7s=",
      "engines": {
        "node": ">= 0.6"
      }
    },
    "node_modules/cookie-signature": {
      "version": "1.1.0",
      "resolved": "https://registry.npmjs.org/cookie-signature/-/cookie-signature-1.1.0.tgz",
      "integrity": "sha512-Alvs19Vgq07eunykd3Xy2jF0/qSNv2u7KDbAek9H5liV1UMijbqFs5cycZvv5dVsvseT/U4H8/7/w8Koh35C4A==",
      "engines": {
        "node": ">=6.6.0"
      }
    },
    "node_modules/csrf": {
      "version": "3.1.0",
      "resolved": "https://registry.npmjs.org/csrf/-/csrf-3.1.0.tgz",
      "integrity": "sha512-uTqEnCvWRk042asU6JtapDTcJeeailFy4ydOQS28bj1hcLnYRiqi8SsD2jS412AY1I/4qdOwWZun774iqywf9w==",
      "dependencies": {
        "rndm": "1.2.0",
        "tsscmp": "1.0.6",
        "uid-safe": "2.1.5"
      },
      "engines": {
        "node": ">= 0.8"
      }
    },
    "node_modules/follow-redirects": {
      "version": "1.14.4",
      "resolved": "https://registry.npmjs.org/follow-redirects/-/follow-redirects-1.14.4.tgz",
      "integrity": "sha512-zwGkiSXC1MUJG/qmeIFH2HBJx9u0V46QGUe3YR1fXG8bXQxq7fLj0RjLZQ5nubr9qNJUZrH+xUcwXEoXNpfS+g==",
      "funding": [
        {
          "type": "individual",
          "url": "https://github.com/sponsors/RubenVerborgh"
        }
      ],
      "engines": {
        "node": ">=4.0"
      },
      "peerDependenciesMeta": {
        "debug": {
          "optional": true
        }
      }
    },
    "node_modules/mime-db": {
      "version": "1.40.0",
      "resolved": "https://registry.npmjs.org/mime-db/-/mime-db-1.40.0.tgz",
      "integrity": "sha512-jYdeOMPy9vnxEqFRRo6ZvTZ8d9oPb+k18PKoYNYUe2stVEBPPwsln/qWzdbmaIvnhZ9v2P+CuecK+fpUfsV2mA==",
      "engines": {
        "node": ">= 0.6"
      }
    },
    "node_modules/mime-types": {
      "version": "2.1.24",
      "resolved": "https://registry.npmjs.org/mime-types/-/mime-types-2.1.24.tgz",
      "integrity": "sha512-WaFHS3MCl5fapm3oLxU4eYDw77IQM2ACcxQ9RIxfaC3ooc6PFuBMGZZsYpvoXS5D5QTWPieo1jjLdAm3TBP3cQ==",
      "dependencies": {
        "mime-db": "1.40.0"
      },
      "engines": {
        "node": ">= 0.6"
      }
    },
    "node_modules/node-webtokens": {
      "version": "1.0.3",
      "resolved": "https://registry.npmjs.org/node-webtokens/-/node-webtokens-1.0.3.tgz",
      "integrity": "sha512-koyo7/sqKOXyl+nfV0sNojLSgMC//VsuQXBSRZ+Whe0aYonBSQ2F/+HVSlVashJOXHYNru/4gk6eXebeYmqoUw==",
      "engines": {
        "node": ">=6.6.0"
      }
    },
    "node_modules/random-bytes": {
      "version": "1.0.0",
      "resolved": "https://registry.npmjs.org/random-bytes/-/random-bytes-1.0.0.tgz",
      "integrity": "sha1-T2ih3Arli9P7lYSMMDJNt11kNgs=",
      "engines": {
        "node": ">= 0.8"
      }
    },
    "node_modules/rndm": {
      "version": "1.2.0",
      "resolved": "https://registry.npmjs.org/rndm/-/rndm-1.2.0.tgz",
      "integrity": "sha1-8z/pz7Urv9UgqhgyO8ZdsRCht2w="
    },
    "node_modules/run-parallel": {
      "version": "1.1.9",
      "resolved": "https://registry.npmjs.org/run-parallel/-/run-parallel-1.1.9.tgz",
      "integrity": "sha512-DEqnSRTDw/Tc3FXf49zedI638Z9onwUotBMiUFKmrO2sdFKIbXamXGQ3Axd4qgphxKB4kw/qP1w5kTxnfU1B9Q=="
    },
    "node_modules/run-waterfall": {
      "version": "1.1.6",
      "resolved": "https://registry.npmjs.org/run-waterfall/-/run-waterfall-1.1.6.tgz",
      "integrity": "sha512-dApPbpIK0hbFi2zqfJxrsnfmJW2HCQHFrSsmqF3Fp9TKm5WVf++zE6BSw0hPcA7rPapO37h12Swk2E6Va3tF7Q=="
    },
    "node_modules/tsscmp": {
      "version": "1.0.6",
      "resolved": "https://registry.npmjs.org/tsscmp/-/tsscmp-1.0.6.tgz",
      "integrity": "sha512-LxhtAkPDTkVCMQjt2h6eBVY28KCjikZqZfMcC15YBeNjkgUpdCfBu5HoiOTDu86v6smE8yOjyEktJ8hlbANHQA==",
      "engines": {
        "node": ">=0.6.x"
      }
    },
    "node_modules/uid-safe": {
      "version": "2.1.5",
      "resolved": "https://registry.npmjs.org/uid-safe/-/uid-safe-2.1.5.tgz",
      "integrity": "sha512-KPHm4VL5dDXKz01UuEd88Df+KzynaohSL9fBh096KWAxSKZQDI2uBrVqtvRM4rwrIrRRKsdLNML/lnaaVSRioA==",
      "dependencies": {
        "random-bytes": "~1.0.0"
      },
      "engines": {
        "node": ">= 0.8"
      }
    }
  },
  "dependencies": {
    "@architect/data": {
      "version": "3.0.5",
      "resolved": "https://registry.npmjs.org/@architect/data/-/data-3.0.5.tgz",
      "integrity": "sha512-FNIf9PAEOCaVnuSM9LW/ubz8rBJaSj15hNFtnrAzBAN0Em20wYDL6jZSKwoiGL8YdiDkndXGPyrolN7UR7DE0w==",
      "requires": {
        "@architect/parser": "^1.1.7"
      }
    },
    "@architect/functions": {
      "version": "3.2.2",
      "resolved": "https://registry.npmjs.org/@architect/functions/-/functions-3.2.2.tgz",
      "integrity": "sha512-J3sGMlx67iqS2YTmuDWEiej7fj67hty3OVkbGEwP37tQnd4xmhtpCdBPnPr36B3y0GKhRt68guftyDHeorHJlQ==",
      "requires": {
        "@architect/parser": "^1.1.7",
        "cookie": "^0.3.1",
        "cookie-signature": "^1.1.0",
        "csrf": "^3.1.0",
        "mime-types": "^2.1.24",
        "node-webtokens": "^1.0.0",
        "run-parallel": "^1.1.9",
        "run-waterfall": "^1.1.6",
        "uid-safe": "^2.1.5"
      }
    },
    "@architect/parser": {
      "version": "1.1.7",
      "resolved": "https://registry.npmjs.org/@architect/parser/-/parser-1.1.7.tgz",
      "integrity": "sha512-fKyd7apWktnS580bOa75bWtx+RVxuhLNYjcaDrRRpuASTT4F+Gg4dZly8eGGehPHAQ3j3/0pLwnChiC2+fHozg=="
    },
    "@slack/types": {
      "version": "1.10.0",
      "resolved": "https://registry.npmjs.org/@slack/types/-/types-1.10.0.tgz",
      "integrity": "sha512-tA7GG7Tj479vojfV3AoxbckalA48aK6giGjNtgH6ihpLwTyHE3fIgRrvt8TWfLwW8X8dyu7vgmAsGLRG7hWWOg=="
    },
    "@slack/webhook": {
      "version": "5.0.4",
      "resolved": "https://registry.npmjs.org/@slack/webhook/-/webhook-5.0.4.tgz",
      "integrity": "sha512-IC1dpVSc2F/pmwCxOb0QzH2xnGKmyT7MofPGhNkeaoiMrLMU+Oc7xV/AxGnz40mURtCtaDchZSM3tDo9c9x6BA==",
      "requires": {
        "@slack/types": "^1.2.1",
        "@types/node": ">=8.9.0",
        "axios": "^0.21.1"
      }
    },
    "@types/node": {
      "version": "12.6.2",
      "resolved": "https://registry.npmjs.org/@types/node/-/node-12.6.2.tgz",
      "integrity": "sha512-gojym4tX0FWeV2gsW4Xmzo5wxGjXGm550oVUII7f7G5o4BV6c7DBdiG1RRQd+y1bvqRyYtPfMK85UM95vsapqQ=="
    },
    "axios": {
      "version": "0.21.4",
      "resolved": "https://registry.npmjs.org/axios/-/axios-0.21.4.tgz",
      "integrity": "sha512-ut5vewkiu8jjGBdqpM44XxjuCjq9LAKeHVmoVfHVzy8eHgxxq8SbAVQNovDA8mVi05kP0Ea/n/UzcSHcTJQfNg==",
      "requires": {
        "follow-redirects": "^1.14.0"
      }
    },
    "cookie": {
      "version": "0.3.1",
      "resolved": "https://registry.npmjs.org/cookie/-/cookie-0.3.1.tgz",
      "integrity": "sha1-5+Ch+e9DtMi6klxcWpboBtFoc7s="
    },
    "cookie-signature": {
      "version": "1.1.0",
      "resolved": "https://registry.npmjs.org/cookie-signature/-/cookie-signature-1.1.0.tgz",
      "integrity": "sha512-Alvs19Vgq07eunykd3Xy2jF0/qSNv2u7KDbAek9H5liV1UMijbqFs5cycZvv5dVsvseT/U4H8/7/w8Koh35C4A=="
    },
    "csrf": {
      "version": "3.1.0",
      "resolved": "https://registry.npmjs.org/csrf/-/csrf-3.1.0.tgz",
      "integrity": "sha512-uTqEnCvWRk042asU6JtapDTcJeeailFy4ydOQS28bj1hcLnYRiqi8SsD2jS412AY1I/4qdOwWZun774iqywf9w==",
      "requires": {
        "rndm": "1.2.0",
        "tsscmp": "1.0.6",
        "uid-safe": "2.1.5"
      }
    },
    "follow-redirects": {
      "version": "1.14.4",
      "resolved": "https://registry.npmjs.org/follow-redirects/-/follow-redirects-1.14.4.tgz",
      "integrity": "sha512-zwGkiSXC1MUJG/qmeIFH2HBJx9u0V46QGUe3YR1fXG8bXQxq7fLj0RjLZQ5nubr9qNJUZrH+xUcwXEoXNpfS+g=="
    },
    "mime-db": {
      "version": "1.40.0",
      "resolved": "https://registry.npmjs.org/mime-db/-/mime-db-1.40.0.tgz",
      "integrity": "sha512-jYdeOMPy9vnxEqFRRo6ZvTZ8d9oPb+k18PKoYNYUe2stVEBPPwsln/qWzdbmaIvnhZ9v2P+CuecK+fpUfsV2mA=="
    },
    "mime-types": {
      "version": "2.1.24",
      "resolved": "https://registry.npmjs.org/mime-types/-/mime-types-2.1.24.tgz",
      "integrity": "sha512-WaFHS3MCl5fapm3oLxU4eYDw77IQM2ACcxQ9RIxfaC3ooc6PFuBMGZZsYpvoXS5D5QTWPieo1jjLdAm3TBP3cQ==",
      "requires": {
        "mime-db": "1.40.0"
      }
    },
    "node-webtokens": {
      "version": "1.0.3",
      "resolved": "https://registry.npmjs.org/node-webtokens/-/node-webtokens-1.0.3.tgz",
      "integrity": "sha512-koyo7/sqKOXyl+nfV0sNojLSgMC//VsuQXBSRZ+Whe0aYonBSQ2F/+HVSlVashJOXHYNru/4gk6eXebeYmqoUw=="
    },
    "random-bytes": {
      "version": "1.0.0",
      "resolved": "https://registry.npmjs.org/random-bytes/-/random-bytes-1.0.0.tgz",
      "integrity": "sha1-T2ih3Arli9P7lYSMMDJNt11kNgs="
    },
    "rndm": {
      "version": "1.2.0",
      "resolved": "https://registry.npmjs.org/rndm/-/rndm-1.2.0.tgz",
      "integrity": "sha1-8z/pz7Urv9UgqhgyO8ZdsRCht2w="
    },
    "run-parallel": {
      "version": "1.1.9",
      "resolved": "https://registry.npmjs.org/run-parallel/-/run-parallel-1.1.9.tgz",
      "integrity": "sha512-DEqnSRTDw/Tc3FXf49zedI638Z9onwUotBMiUFKmrO2sdFKIbXamXGQ3Axd4qgphxKB4kw/qP1w5kTxnfU1B9Q=="
    },
    "run-waterfall": {
      "version": "1.1.6",
      "resolved": "https://registry.npmjs.org/run-waterfall/-/run-waterfall-1.1.6.tgz",
      "integrity": "sha512-dApPbpIK0hbFi2zqfJxrsnfmJW2HCQHFrSsmqF3Fp9TKm5WVf++zE6BSw0hPcA7rPapO37h12Swk2E6Va3tF7Q=="
    },
    "tsscmp": {
      "version": "1.0.6",
      "resolved": "https://registry.npmjs.org/tsscmp/-/tsscmp-1.0.6.tgz",
      "integrity": "sha512-LxhtAkPDTkVCMQjt2h6eBVY28KCjikZqZfMcC15YBeNjkgUpdCfBu5HoiOTDu86v6smE8yOjyEktJ8hlbANHQA=="
    },
    "uid-safe": {
      "version": "2.1.5",
      "resolved": "https://registry.npmjs.org/uid-safe/-/uid-safe-2.1.5.tgz",
      "integrity": "sha512-KPHm4VL5dDXKz01UuEd88Df+KzynaohSL9fBh096KWAxSKZQDI2uBrVqtvRM4rwrIrRRKsdLNML/lnaaVSRioA==",
      "requires": {
        "random-bytes": "~1.0.0"
      }
    }
  }
}
